
Microsoft Visual Studio Solution File, Format Version 12.00
# Visual Studio 2013
VisualStudioVersion = 12.0.31101.0
MinimumVisualStudioVersion = 10.0.40219.1
Project("{FAE04EC0-301F-11D3-BF4B-00C04F79EFBC}") = "RegistroPersonas.Dominio", "RegistroPersonas.Dominio\RegistroPersonas.Dominio.csproj", "{9EBE4878-086E-48F6-9A36-4975CBD764A7}"
EndProject
Project("{FAE04EC0-301F-11D3-BF4B-00C04F79EFBC}") = "RegistroPersonas.Repositorio", "RegistroPersonas.Repositorio\RegistroPersonas.Repositorio.csproj", "{A60B04CC-1F1F-438C-9E28-2A18162D1493}"
EndProject
Project("{FAE04EC0-301F-11D3-BF4B-00C04F79EFBC}") = "RegistroPersonas.Web", "RegistroPersonas.Web\RegistroPersonas.Web.csproj", "{196DF968-3F62-454E-B1AD-F2F56E09B628}"
EndProject
Global
	GlobalSection(SolutionConfigurationPlatforms) = preSolution
		Debug|Any CPU = Debug|Any CPU
		Release|Any CPU = Release|Any CPU
	EndGlobalSection
	GlobalSection(ProjectConfigurationPlatforms) = postSolution
		{9EBE4878-086E-48F6-9A36-4975CBD764A7}.Debug|Any CPU.ActiveCfg = Debug|Any CPU
		{9EBE4878-086E-48F6-9A36-4975CBD764A7}.Debug|Any CPU.Build.0 = Debug|Any CPU
		{9EBE4878-086E-48F6-9A36-4975CBD764A7}.Release|Any CPU.ActiveCfg = Release|Any CPU
		{9EBE4878-086E-48F6-9A36-4975CBD764A7}.Release|Any CPU.Build.0 = Release|Any CPU
		{A60B04CC-1F1F-438C-9E28-2A18162D1493}.Debug|Any CPU.ActiveCfg = Debug|Any CPU
		{A60B04CC-1F1F-438C-9E28-2A18162D1493}.Debug|Any CPU.Build.0 = Debug|Any CPU
		{A60B04CC-1F1F-438C-9E28-2A18162D1493}.Release|Any CPU.ActiveCfg = Release|Any CPU
		{A60B04CC-1F1F-438C-9E28-2A18162D1493}.Release|Any CPU.Build.0 = Release|Any CPU
		{196DF968-3F62-454E-B1AD-F2F56E09B628}.Debug|Any CPU.ActiveCfg = Debug|Any CPU
		{196DF968-3F62-454E-B1AD-F2F56E09B628}.Debug|Any CPU.Build.0 = Debug|Any CPU
		{196DF968-3F62-454E-B1AD-F2F56E09B628}.Release|Any CPU.ActiveCfg = Release|Any CPU
		{196DF968-3F62-454E-B1AD-F2F56E09B628}.Release|Any CPU.Build.0 = Release|Any CPU
	EndGlobalSection
	GlobalSection(SolutionProperties) = preSolution
		HideSolutionNode = FALSE
	EndGlobalSection
EndGlobal
